
Microsoft Visual Studio Solution File, Format Version 12.00
# Visual Studio 15
VisualStudioVersion = 15.0.34526.175
MinimumVisualStudioVersion = 10.0.40219.1
Project("{FAE04EC0-301F-11D3-BF4B-00C04F79EFBC}") = "空间探索性分析", "空间探索性分析\空间探索性分析.csproj", "{D620AA1F-DDB7-4643-922C-75D59C45A23C}"
EndProject
Global
	GlobalSection(SolutionConfigurationPlatforms) = preSolution
		Debug|Any CPU = Debug|Any CPU
		Release|Any CPU = Release|Any CPU
	EndGlobalSection
	GlobalSection(ProjectConfigurationPlatforms) = postSolution
		{D620AA1F-DDB7-4643-922C-75D59C45A23C}.Debug|Any CPU.ActiveCfg = Debug|Any CPU
		{D620AA1F-DDB7-4643-922C-75D59C45A23C}.Debug|Any CPU.Build.0 = Debug|Any CPU
		{D620AA1F-DDB7-4643-922C-75D59C45A23C}.Release|Any CPU.ActiveCfg = Release|Any CPU
		{D620AA1F-DDB7-4643-922C-75D59C45A23C}.Release|Any CPU.Build.0 = Release|Any CPU
	EndGlobalSection
	GlobalSection(SolutionProperties) = preSolution
		HideSolutionNode = FALSE
	EndGlobalSection
	GlobalSection(ExtensibilityGlobals) = postSolution
		SolutionGuid = {38AFCFE6-91A6-4299-BF33-0A75D43A85D4}
	EndGlobalSection
EndGlobal
